
Microsoft Visual Studio Solution File, Format Version 12.00
# Visual Studio Version 16
VisualStudioVersion = 16.0.30011.22
MinimumVisualStudioVersion = 10.0.40219.1
Project("{9092AA53-FB77-4645-B42D-1CCCA6BD08BD}") = "eResonateMedia", "eResonateMedia\eResonateMedia.njsproj", "{49331C9D-AB76-4514-8F39-9A6D4C5AD170}"
EndProject
Global
	GlobalSection(SolutionConfigurationPlatforms) = preSolution
		Debug|Any CPU = Debug|Any CPU
		Release|Any CPU = Release|Any CPU
	EndGlobalSection
	GlobalSection(ProjectConfigurationPlatforms) = postSolution
		{49331C9D-AB76-4514-8F39-9A6D4C5AD170}.Debug|Any CPU.ActiveCfg = Debug|Any CPU
		{49331C9D-AB76-4514-8F39-9A6D4C5AD170}.Debug|Any CPU.Build.0 = Debug|Any CPU
		{49331C9D-AB76-4514-8F39-9A6D4C5AD170}.Release|Any CPU.ActiveCfg = Release|Any CPU
		{49331C9D-AB76-4514-8F39-9A6D4C5AD170}.Release|Any CPU.Build.0 = Release|Any CPU
	EndGlobalSection
	GlobalSection(SolutionProperties) = preSolution
		HideSolutionNode = FALSE
	EndGlobalSection
	GlobalSection(ExtensibilityGlobals) = postSolution
		SolutionGuid = {A6C49B39-E435-4C16-AA4D-C8E30177AE6A}
	EndGlobalSection
EndGlobal
